<?xml version="1.0" encoding="utf-8"?>
<Project ToolsVersion="4.0" xmlns="http://schemas.microsoft.com/developer/msbuild/2003">
  <ItemGroup>
    <Filter Include="EMD">
      <UniqueIdentifier>{13b17b19-50e4-4847-a0a9-796c77f66dec}</UniqueIdentifier>
    </Filter>
    <Filter Include="EMB">
      <UniqueIdentifier>{2e9156e5-1c3d-4a0b-9109-fa513d45336b}</UniqueIdentifier>
    </Filter>
    <Filter Include="EMM">
      <UniqueIdentifier>{6c5b47bc-3c93-49d9-96e2-47568e7b7449}</UniqueIdentifier>
    </Filter>
    <Filter Include="ESK">
      <UniqueIdentifier>{0f31a0d7-53e7-4104-a83d-76ff6d7d8367}</UniqueIdentifier>
    </Filter>
    <Filter Include="CBS">
      <UniqueIdentifier>{54eb7a12-caa7-4afc-882b-7f406d73da67}</UniqueIdentifier>
    </Filter>
    <Filter Include="AGD">
      <UniqueIdentifier>{021278b5-e7bf-4a38-bc7a-b4419148a08f}</UniqueIdentifier>
    </Filter>
    <Filter Include="CUS">
      <UniqueIdentifier>{16f0210b-bc65-43f6-b2bd-aa277bb96141}</UniqueIdentifier>
    </Filter>
    <Filter Include="MSG">
      <UniqueIdentifier>{edb3db64-6bbc-4172-b296-c806caf4913a}</UniqueIdentifier>
    </Filter>
    <Filter Include="Common">
      <UniqueIdentifier>{07f1a1e0-b1f1-4844-8680-7ea1a660a047}</UniqueIdentifier>
    </Filter>
    <Filter Include="External">
      <UniqueIdentifier>{2144ae5c-ad6d-43c8-87b6-bc5d0fbbfeeb}</UniqueIdentifier>
    </Filter>
    <Filter Include="External\tinyxml">
      <UniqueIdentifier>{b3684e13-e2da-4b9b-b3f9-81896efaf6bd}</UniqueIdentifier>
    </Filter>
    <Filter Include="PCH">
      <UniqueIdentifier>{24c3ea28-cb31-4052-8ebe-ca67a55cc1d7}</UniqueIdentifier>
    </Filter>
    <Filter Include="EMZ">
      <UniqueIdentifier>{3d21a801-901f-4614-96f0-7e23efebf440}</UniqueIdentifier>
    </Filter>
    <Filter Include="XPU/XVU">
      <UniqueIdentifier>{e0805bd5-7f85-4939-a055-25ff22805ae8}</UniqueIdentifier>
    </Filter>
    <Filter Include="BCS">
      <UniqueIdentifier>{adde8076-db0f-4316-bfa8-e424e306bbd8}</UniqueIdentifier>
    </Filter>
    <Filter Include="EAN">
      <UniqueIdentifier>{b0cc70f8-f1d8-49fa-b5c3-24c867793c6a}</UniqueIdentifier>
    </Filter>
  </ItemGroup>
  <ItemGroup>
    <ClInclude Include="tinyxml\tinystr.h">
      <Filter>External\tinyxml</Filter>
    </ClInclude>
    <ClInclude Include="tinyxml\tinyxml.h">
      <Filter>External\tinyxml</Filter>
    </ClInclude>
    <ClInclude Include="EMD.h">
      <Filter>EMD</Filter>
    </ClInclude>
    <ClInclude Include="ESK.h">
      <Filter>ESK</Filter>
    </ClInclude>
    <ClInclude Include="EMM.h">
      <Filter>EMM</Filter>
    </ClInclude>
    <ClInclude Include="EMB.h">
      <Filter>EMB</Filter>
    </ClInclude>
    <ClInclude Include="CBS.h">
      <Filter>CBS</Filter>
    </ClInclude>
    <ClInclude Include="AGD.h">
      <Filter>AGD</Filter>
    </ClInclude>
    <ClInclude Include="CUS.h">
      <Filter>CUS</Filter>
    </ClInclude>
    <ClInclude Include="MSG.h">
      <Filter>MSG</Filter>
    </ClInclude>
    <ClInclude Include="half.h">
      <Filter>External</Filter>
    </ClInclude>
    <ClInclude Include="stdafx.h">
      <Filter>PCH</Filter>
    </ClInclude>
    <ClInclude Include="LibXenoverse.h">
      <Filter>Common</Filter>
    </ClInclude>
    <ClInclude Include="XenoMath.h">
      <Filter>Common</Filter>
    </ClInclude>
    <ClInclude Include="XenoFiles.h">
      <Filter>Common</Filter>
    </ClInclude>
    <ClInclude Include="EMZ.h">
      <Filter>EMZ</Filter>
    </ClInclude>
    <ClInclude Include="HLSLASM.h">
      <Filter>XPU/XVU</Filter>
    </ClInclude>
    <ClInclude Include="BCS.h">
      <Filter>BCS</Filter>
    </ClInclude>
    <ClInclude Include="EAN.h">
      <Filter>EAN</Filter>
    </ClInclude>
  </ItemGroup>
  <ItemGroup>
    <ClCompile Include="tinyxml\tinyxml.cpp">
      <Filter>External\tinyxml</Filter>
    </ClCompile>
    <ClCompile Include="tinyxml\tinyxmlerror.cpp">
      <Filter>External\tinyxml</Filter>
    </ClCompile>
    <ClCompile Include="tinyxml\tinyxmlparser.cpp">
      <Filter>External\tinyxml</Filter>
    </ClCompile>
    <ClCompile Include="tinyxml\tinystr.cpp">
      <Filter>External\tinyxml</Filter>
    </ClCompile>
    <ClCompile Include="EMD.cpp">
      <Filter>EMD</Filter>
    </ClCompile>
    <ClCompile Include="EMDMesh.cpp">
      <Filter>EMD</Filter>
    </ClCompile>
    <ClCompile Include="EMDModel.cpp">
      <Filter>EMD</Filter>
    </ClCompile>
    <ClCompile Include="EMDSubmesh.cpp">
      <Filter>EMD</Filter>
    </ClCompile>
    <ClCompile Include="EMDVertex.cpp">
      <Filter>EMD</Filter>
    </ClCompile>
    <ClCompile Include="ESK.cpp">
      <Filter>ESK</Filter>
    </ClCompile>
    <ClCompile Include="EMM.cpp">
      <Filter>EMM</Filter>
    </ClCompile>
    <ClCompile Include="EMB.cpp">
      <Filter>EMB</Filter>
    </ClCompile>
    <ClCompile Include="EMBFile.cpp">
      <Filter>EMB</Filter>
    </ClCompile>
    <ClCompile Include="ESKBone.cpp">
      <Filter>ESK</Filter>
    </ClCompile>
    <ClCompile Include="ESKFBX.cpp">
      <Filter>ESK</Filter>
    </ClCompile>
    <ClCompile Include="EMDTriangles.cpp">
      <Filter>EMD</Filter>
    </ClCompile>
    <ClCompile Include="CBS.cpp">
      <Filter>CBS</Filter>
    </ClCompile>
    <ClCompile Include="CBSScale.cpp">
      <Filter>CBS</Filter>
    </ClCompile>
    <ClCompile Include="AGD.cpp">
      <Filter>AGD</Filter>
    </ClCompile>
    <ClCompile Include="AGDGrowth.cpp">
      <Filter>AGD</Filter>
    </ClCompile>
    <ClCompile Include="EMDSubmeshDefinition.cpp">
      <Filter>EMD</Filter>
    </ClCompile>
    <ClCompile Include="EMDImportFBX.cpp">
      <Filter>EMD</Filter>
    </ClCompile>
    <ClCompile Include="EMDExportFBX.cpp">
      <Filter>EMD</Filter>
    </ClCompile>
    <ClCompile Include="CUS.cpp">
      <Filter>CUS</Filter>
    </ClCompile>
    <ClCompile Include="MSG.cpp">
      <Filter>MSG</Filter>
    </ClCompile>
    <ClCompile Include="MSGEntry.cpp">
      <Filter>MSG</Filter>
    </ClCompile>
    <ClCompile Include="MSGSlot.cpp">
      <Filter>MSG</Filter>
    </ClCompile>
    <ClCompile Include="half.cpp">
      <Filter>External</Filter>
    </ClCompile>
    <ClCompile Include="stdafx.cpp">
      <Filter>PCH</Filter>
    </ClCompile>
    <ClCompile Include="XenoMath.cpp">
      <Filter>Common</Filter>
    </ClCompile>
    <ClCompile Include="XenoFiles.cpp">
      <Filter>Common</Filter>
    </ClCompile>
    <ClCompile Include="EMZ.cpp">
      <Filter>EMZ</Filter>
    </ClCompile>
    <ClCompile Include="HLSLASM.cpp">
      <Filter>XPU/XVU</Filter>
    </ClCompile>
    <ClCompile Include="BCS.cpp">
      <Filter>BCS</Filter>
    </ClCompile>
    <ClCompile Include="BCSSection.cpp">
      <Filter>BCS</Filter>
    </ClCompile>
    <ClCompile Include="EAN.cpp">
      <Filter>EAN</Filter>
    </ClCompile>
    <ClCompile Include="EANAnimation.cpp">
      <Filter>EAN</Filter>
    </ClCompile>
    <ClCompile Include="EANAnimationNode.cpp">
      <Filter>EAN</Filter>
    </ClCompile>
    <ClCompile Include="EANKeyframe.cpp">
      <Filter>EAN</Filter>
    </ClCompile>
    <ClCompile Include="EANKeyframedAnimation.cpp">
      <Filter>EAN</Filter>
    </ClCompile>
    <ClCompile Include="EMBExportFx.cpp">
      <Filter>EMB</Filter>
    </ClCompile>
  </ItemGroup>
</Project>