<?xml version="1.0" encoding="utf-8"?>
<Project ToolsVersion="4.0" xmlns="http://schemas.microsoft.com/developer/msbuild/2003">
  <ItemGroup>
    <Filter Include="Source Files">
      <UniqueIdentifier>{4FC737F1-C7A5-4376-A066-2A32D752A2FF}</UniqueIdentifier>
      <Extensions>cpp;c;cc;cxx;def;odl;idl;hpj;bat;asm;asmx</Extensions>
    </Filter>
    <Filter Include="Header Files">
      <UniqueIdentifier>{93995380-89BD-4b04-88EB-625FBE52EBFB}</UniqueIdentifier>
      <Extensions>h;hh;hpp;hxx;hm;inl;inc;xsd</Extensions>
    </Filter>
    <Filter Include="Resource Files">
      <UniqueIdentifier>{67DA6AB6-F800-4c08-8B7A-83BB121AAD01}</UniqueIdentifier>
      <Extensions>rc;ico;cur;bmp;dlg;rc2;rct;bin;rgs;gif;jpg;jpeg;jpe;resx;tiff;tif;png;wav;mfcribbon-ms</Extensions>
    </Filter>
    <Filter Include="SkeletonDebug">
      <UniqueIdentifier>{fdc291c9-b05c-48eb-9b17-e5340d5a8bde}</UniqueIdentifier>
    </Filter>
    <Filter Include="Qt Resources">
      <UniqueIdentifier>{71957dcb-2e8d-463b-8574-0cba0a4fa5fd}</UniqueIdentifier>
    </Filter>
  </ItemGroup>
  <ItemGroup>
    <ResourceCompile Include="resource.rc">
      <Filter>Resource Files</Filter>
    </ResourceCompile>
  </ItemGroup>
  <ItemGroup>
    <ClInclude Include="resource.h">
      <Filter>Header Files</Filter>
    </ClInclude>
    <ClInclude Include="EMDOgre.h">
      <Filter>Header Files</Filter>
    </ClInclude>
    <ClInclude Include="stdafx.h">
      <Filter>Header Files</Filter>
    </ClInclude>
    <ClInclude Include="EMMOgre.h">
      <Filter>Header Files</Filter>
    </ClInclude>
    <ClInclude Include="EMBOgre.h">
      <Filter>Header Files</Filter>
    </ClInclude>
    <ClInclude Include="EMDRenderObjectListener.h">
      <Filter>Header Files</Filter>
    </ClInclude>
    <ClInclude Include="ESKOgre.h">
      <Filter>Header Files</Filter>
    </ClInclude>
    <ClInclude Include="EANOgre.h">
      <Filter>Header Files</Filter>
    </ClInclude>
    <ClInclude Include="SkeletonDebug.h">
      <Filter>SkeletonDebug</Filter>
    </ClInclude>
    <ClInclude Include="ObjectTextDisplay.h">
      <Filter>SkeletonDebug</Filter>
    </ClInclude>
    <ClInclude Include="ViewerGrid.h">
      <Filter>Header Files</Filter>
    </ClInclude>
  </ItemGroup>
  <ItemGroup>
    <ClCompile Include="EMDOgre.cpp">
      <Filter>Source Files</Filter>
    </ClCompile>
    <ClCompile Include="stdafx.cpp">
      <Filter>Source Files</Filter>
    </ClCompile>
    <ClCompile Include="EMMOgre.cpp">
      <Filter>Source Files</Filter>
    </ClCompile>
    <ClCompile Include="EMBOgre.cpp">
      <Filter>Source Files</Filter>
    </ClCompile>
    <ClCompile Include="EMDRenderObjectListener.cpp">
      <Filter>Source Files</Filter>
    </ClCompile>
    <ClCompile Include="ESKOgre.cpp">
      <Filter>Source Files</Filter>
    </ClCompile>
    <ClCompile Include="EANOgre.cpp">
      <Filter>Source Files</Filter>
    </ClCompile>
    <ClCompile Include="ObjectTextDisplay.cpp">
      <Filter>SkeletonDebug</Filter>
    </ClCompile>
    <ClCompile Include="SkeletonDebug.cpp">
      <Filter>SkeletonDebug</Filter>
    </ClCompile>
    <ClCompile Include="OgreWidget.cpp">
      <Filter>Source Files</Filter>
    </ClCompile>
    <ClCompile Include="MainWindow.cpp">
      <Filter>Source Files</Filter>
    </ClCompile>
    <ClCompile Include="main.cpp">
      <Filter>Source Files</Filter>
    </ClCompile>
    <ClCompile Include="mocs.cpp">
      <Filter>Source Files</Filter>
    </ClCompile>
    <ClCompile Include="OgreViewerWidget.cpp">
      <Filter>Source Files</Filter>
    </ClCompile>
    <ClCompile Include="MainViewer.cpp">
      <Filter>Source Files</Filter>
    </ClCompile>
    <ClCompile Include="ViewerGrid.cpp">
      <Filter>Source Files</Filter>
    </ClCompile>
  </ItemGroup>
  <ItemGroup>
    <CustomBuild Include="OgreWidget.h">
      <Filter>Header Files</Filter>
    </CustomBuild>
    <CustomBuild Include="MainWindow.h">
      <Filter>Header Files</Filter>
    </CustomBuild>
    <CustomBuild Include="MainViewer.ui">
      <Filter>Qt Resources</Filter>
    </CustomBuild>
    <CustomBuild Include="MainViewer.h">
      <Filter>Header Files</Filter>
    </CustomBuild>
  </ItemGroup>
</Project>